
Microsoft Visual Studio Solution File, Format Version 12.00
# Visual Studio Version 16
VisualStudioVersion = 16.0.31424.327
MinimumVisualStudioVersion = 10.0.40219.1
Project("{9A19103F-16F7-4668-BE54-9A1E7A4F7556}") = "CursoCSharp", "CursoCSharp\CursoCSharp.csproj", "{C0FA6FF4-8B73-460F-B63A-195CEF13268D}"
EndProject
Project("{FAE04EC0-301F-11D3-BF4B-00C04F79EFBC}") = "Encapsulamento", "Encapsulamento\Encapsulamento.csproj", "{6C45D0C4-8749-4DB1-AE48-0127E2306898}"
EndProject
Global
	GlobalSection(SolutionConfigurationPlatforms) = preSolution
		Debug|Any CPU = Debug|Any CPU
		Release|Any CPU = Release|Any CPU
	EndGlobalSection
	GlobalSection(ProjectConfigurationPlatforms) = postSolution
		{C0FA6FF4-8B73-460F-B63A-195CEF13268D}.Debug|Any CPU.ActiveCfg = Debug|Any CPU
		{C0FA6FF4-8B73-460F-B63A-195CEF13268D}.Debug|Any CPU.Build.0 = Debug|Any CPU
		{C0FA6FF4-8B73-460F-B63A-195CEF13268D}.Release|Any CPU.ActiveCfg = Release|Any CPU
		{C0FA6FF4-8B73-460F-B63A-195CEF13268D}.Release|Any CPU.Build.0 = Release|Any CPU
		{6C45D0C4-8749-4DB1-AE48-0127E2306898}.Debug|Any CPU.ActiveCfg = Debug|Any CPU
		{6C45D0C4-8749-4DB1-AE48-0127E2306898}.Debug|Any CPU.Build.0 = Debug|Any CPU
		{6C45D0C4-8749-4DB1-AE48-0127E2306898}.Release|Any CPU.ActiveCfg = Release|Any CPU
		{6C45D0C4-8749-4DB1-AE48-0127E2306898}.Release|Any CPU.Build.0 = Release|Any CPU
	EndGlobalSection
	GlobalSection(SolutionProperties) = preSolution
		HideSolutionNode = FALSE
	EndGlobalSection
	GlobalSection(ExtensibilityGlobals) = postSolution
		SolutionGuid = {F7E9BE49-A54C-4AA2-8939-6AC69A9D06FE}
	EndGlobalSection
EndGlobal
